
Microsoft Visual Studio Solution File, Format Version 12.00
# Visual Studio Version 17
VisualStudioVersion = 17.0.31912.275
MinimumVisualStudioVersion = 10.0.40219.1
Project("{FAE04EC0-301F-11D3-BF4B-00C04F79EFBC}") = "FizzBuzzGameLogic", "FizzBuzzGameLogic\FizzBuzzGameLogic.csproj", "{62009321-7D49-4376-BCD4-065477CDB802}"
EndProject
Project("{FAE04EC0-301F-11D3-BF4B-00C04F79EFBC}") = "FizzBuzz.Logic.Tests", "FizzBuzz.Logic.Tests\FizzBuzz.Logic.Tests.csproj", "{4AC44B36-7D73-4F35-B504-039AE1643C1C}"
EndProject
Global
	GlobalSection(SolutionConfigurationPlatforms) = preSolution
		Debug|Any CPU = Debug|Any CPU
		Release|Any CPU = Release|Any CPU
	EndGlobalSection
	GlobalSection(ProjectConfigurationPlatforms) = postSolution
		{62009321-7D49-4376-BCD4-065477CDB802}.Debug|Any CPU.ActiveCfg = Debug|Any CPU
		{62009321-7D49-4376-BCD4-065477CDB802}.Debug|Any CPU.Build.0 = Debug|Any CPU
		{62009321-7D49-4376-BCD4-065477CDB802}.Release|Any CPU.ActiveCfg = Release|Any CPU
		{62009321-7D49-4376-BCD4-065477CDB802}.Release|Any CPU.Build.0 = Release|Any CPU
		{4AC44B36-7D73-4F35-B504-039AE1643C1C}.Debug|Any CPU.ActiveCfg = Debug|Any CPU
		{4AC44B36-7D73-4F35-B504-039AE1643C1C}.Debug|Any CPU.Build.0 = Debug|Any CPU
		{4AC44B36-7D73-4F35-B504-039AE1643C1C}.Release|Any CPU.ActiveCfg = Release|Any CPU
		{4AC44B36-7D73-4F35-B504-039AE1643C1C}.Release|Any CPU.Build.0 = Release|Any CPU
	EndGlobalSection
	GlobalSection(SolutionProperties) = preSolution
		HideSolutionNode = FALSE
	EndGlobalSection
	GlobalSection(ExtensibilityGlobals) = postSolution
		SolutionGuid = {E69095E7-ADDE-4B1F-A653-A82DB91A2FF4}
	EndGlobalSection
EndGlobal
